// !$*UTF8*$!
{
	archiveVersion = 1;
	classes = {
	};
	objectVersion = 50;
	objects = {

/* Begin PBXBuildFile section */
		5E5B4D612244423400D9FB12 /* AppDelegate.swift in Sources */ = {isa = PBXBuildFile; fileRef = 5E5B4D602244423400D9FB12 /* AppDelegate.swift */; };
		5E5B4D662244423400D9FB12 /* Main.storyboard in Resources */ = {isa = PBXBuildFile; fileRef = 5E5B4D642244423400D9FB12 /* Main.storyboard */; };
		5E5B4D682244423500D9FB12 /* Assets.xcassets in Resources */ = {isa = PBXBuildFile; fileRef = 5E5B4D672244423500D9FB12 /* Assets.xcassets */; };
		5E5B4D6B2244423500D9FB12 /* LaunchScreen.storyboard in Resources */ = {isa = PBXBuildFile; fileRef = 5E5B4D692244423500D9FB12 /* LaunchScreen.storyboard */; };
		5E5B4D76224444D700D9FB12 /* postCell.xib in Resources */ = {isa = PBXBuildFile; fileRef = 5E5B4D75224444D700D9FB12 /* postCell.xib */; };
		5E5B4D782244484200D9FB12 /* PostCollectionViewCell.swift in Sources */ = {isa = PBXBuildFile; fileRef = 5E5B4D772244484200D9FB12 /* PostCollectionViewCell.swift */; };
		5E5B4D7A2244492600D9FB12 /* Person.swift in Sources */ = {isa = PBXBuildFile; fileRef = 5E5B4D792244492600D9FB12 /* Person.swift */; };
		5E5B4D7C22444A3D00D9FB12 /* Image.swift in Sources */ = {isa = PBXBuildFile; fileRef = 5E5B4D7B22444A3D00D9FB12 /* Image.swift */; };
		5E5B4D7E22444AB500D9FB12 /* UIKitExtensions.swift in Sources */ = {isa = PBXBuildFile; fileRef = 5E5B4D7D22444AB500D9FB12 /* UIKitExtensions.swift */; };
		5E5B4D8322444D4F00D9FB12 /* lun.json in Resources */ = {isa = PBXBuildFile; fileRef = 5E5B4D8222444D4F00D9FB12 /* lun.json */; };
		5E5B4D87224457B500D9FB12 /* PersonWithImages.swift in Sources */ = {isa = PBXBuildFile; fileRef = 5E5B4D86224457B500D9FB12 /* PersonWithImages.swift */; };
		5E5B4D8B22445AE800D9FB12 /* PostsViewController.swift in Sources */ = {isa = PBXBuildFile; fileRef = 5E5B4D8A22445AE800D9FB12 /* PostsViewController.swift */; };
		5E5B4D8D22446ADC00D9FB12 /* MapViewController.swift in Sources */ = {isa = PBXBuildFile; fileRef = 5E5B4D8C22446ADC00D9FB12 /* MapViewController.swift */; };
		5E5B4D8F224473AE00D9FB12 /* Address.swift in Sources */ = {isa = PBXBuildFile; fileRef = 5E5B4D8E224473AE00D9FB12 /* Address.swift */; };
/* End PBXBuildFile section */

/* Begin PBXFileReference section */
		5E5B4D5D2244423400D9FB12 /* LunTest.app */ = {isa = PBXFileReference; explicitFileType = wrapper.application; includeInIndex = 0; path = LunTest.app; sourceTree = BUILT_PRODUCTS_DIR; };
		5E5B4D602244423400D9FB12 /* AppDelegate.swift */ = {isa = PBXFileReference; lastKnownFileType = sourcecode.swift; path = AppDelegate.swift; sourceTree = "<group>"; };
		5E5B4D652244423400D9FB12 /* Base */ = {isa = PBXFileReference; lastKnownFileType = file.storyboard; name = Base; path = Base.lproj/Main.storyboard; sourceTree = "<group>"; };
		5E5B4D672244423500D9FB12 /* Assets.xcassets */ = {isa = PBXFileReference; lastKnownFileType = folder.assetcatalog; path = Assets.xcassets; sourceTree = "<group>"; };
		5E5B4D6A2244423500D9FB12 /* Base */ = {isa = PBXFileReference; lastKnownFileType = file.storyboard; name = Base; path = Base.lproj/LaunchScreen.storyboard; sourceTree = "<group>"; };
		5E5B4D6C2244423500D9FB12 /* Info.plist */ = {isa = PBXFileReference; lastKnownFileType = text.plist.xml; path = Info.plist; sourceTree = "<group>"; };
		5E5B4D75224444D700D9FB12 /* postCell.xib */ = {isa = PBXFileReference; lastKnownFileType = file.xib; path = postCell.xib; sourceTree = "<group>"; };
		5E5B4D772244484200D9FB12 /* PostCollectionViewCell.swift */ = {isa = PBXFileReference; lastKnownFileType = sourcecode.swift; path = PostCollectionViewCell.swift; sourceTree = "<group>"; };
		5E5B4D792244492600D9FB12 /* Person.swift */ = {isa = PBXFileReference; lastKnownFileType = sourcecode.swift; path = Person.swift; sourceTree = "<group>"; };
		5E5B4D7B22444A3D00D9FB12 /* Image.swift */ = {isa = PBXFileReference; lastKnownFileType = sourcecode.swift; path = Image.swift; sourceTree = "<group>"; };
		5E5B4D7D22444AB500D9FB12 /* UIKitExtensions.swift */ = {isa = PBXFileReference; lastKnownFileType = sourcecode.swift; path = UIKitExtensions.swift; sourceTree = "<group>"; };
		5E5B4D8222444D4F00D9FB12 /* lun.json */ = {isa = PBXFileReference; fileEncoding = 4; lastKnownFileType = text.json; path = lun.json; sourceTree = "<group>"; };
		5E5B4D86224457B500D9FB12 /* PersonWithImages.swift */ = {isa = PBXFileReference; lastKnownFileType = sourcecode.swift; path = PersonWithImages.swift; sourceTree = "<group>"; };
		5E5B4D8A22445AE800D9FB12 /* PostsViewController.swift */ = {isa = PBXFileReference; lastKnownFileType = sourcecode.swift; path = PostsViewController.swift; sourceTree = "<group>"; };
		5E5B4D8C22446ADC00D9FB12 /* MapViewController.swift */ = {isa = PBXFileReference; lastKnownFileType = sourcecode.swift; path = MapViewController.swift; sourceTree = "<group>"; };
		5E5B4D8E224473AE00D9FB12 /* Address.swift */ = {isa = PBXFileReference; lastKnownFileType = sourcecode.swift; path = Address.swift; sourceTree = "<group>"; };
/* End PBXFileReference section */

/* Begin PBXFrameworksBuildPhase section */
		5E5B4D5A2244423400D9FB12 /* Frameworks */ = {
			isa = PBXFrameworksBuildPhase;
			buildActionMask = 2147483647;
			files = (
			);
			runOnlyForDeploymentPostprocessing = 0;
		};
/* End PBXFrameworksBuildPhase section */

/* Begin PBXGroup section */
		5E5B4D542244423400D9FB12 = {
			isa = PBXGroup;
			children = (
				5E5B4D5F2244423400D9FB12 /* LunTest */,
				5E5B4D5E2244423400D9FB12 /* Products */,
			);
			sourceTree = "<group>";
		};
		5E5B4D5E2244423400D9FB12 /* Products */ = {
			isa = PBXGroup;
			children = (
				5E5B4D5D2244423400D9FB12 /* LunTest.app */,
			);
			name = Products;
			sourceTree = "<group>";
		};
		5E5B4D5F2244423400D9FB12 /* LunTest */ = {
			isa = PBXGroup;
			children = (
				5E5B4D602244423400D9FB12 /* AppDelegate.swift */,
				5E5B4D7D22444AB500D9FB12 /* UIKitExtensions.swift */,
				5E5B4D722244431000D9FB12 /* Models */,
				5E5B4D732244431500D9FB12 /* Views */,
				5E5B4D742244432000D9FB12 /* Controllers */,
				5E5B4D8222444D4F00D9FB12 /* lun.json */,
				5E5B4D672244423500D9FB12 /* Assets.xcassets */,
				5E5B4D692244423500D9FB12 /* LaunchScreen.storyboard */,
				5E5B4D6C2244423500D9FB12 /* Info.plist */,
			);
			path = LunTest;
			sourceTree = "<group>";
		};
		5E5B4D722244431000D9FB12 /* Models */ = {
			isa = PBXGroup;
			children = (
				5E5B4D792244492600D9FB12 /* Person.swift */,
				5E5B4D7B22444A3D00D9FB12 /* Image.swift */,
				5E5B4D86224457B500D9FB12 /* PersonWithImages.swift */,
				5E5B4D8E224473AE00D9FB12 /* Address.swift */,
			);
			path = Models;
			sourceTree = "<group>";
		};
		5E5B4D732244431500D9FB12 /* Views */ = {
			isa = PBXGroup;
			children = (
				5E5B4D642244423400D9FB12 /* Main.storyboard */,
				5E5B4D75224444D700D9FB12 /* postCell.xib */,
			);
			path = Views;
			sourceTree = "<group>";
		};
		5E5B4D742244432000D9FB12 /* Controllers */ = {
			isa = PBXGroup;
			children = (
				5E5B4D772244484200D9FB12 /* PostCollectionViewCell.swift */,
				5E5B4D8A22445AE800D9FB12 /* PostsViewController.swift */,
				5E5B4D8C22446ADC00D9FB12 /* MapViewController.swift */,
			);
			path = Controllers;
			sourceTree = "<group>";
		};
/* End PBXGroup section */

/* Begin PBXNativeTarget section */
		5E5B4D5C2244423400D9FB12 /* LunTest */ = {
			isa = PBXNativeTarget;
			buildConfigurationList = 5E5B4D6F2244423500D9FB12 /* Build configuration list for PBXNativeTarget "LunTest" */;
			buildPhases = (
				5E5B4D592244423400D9FB12 /* Sources */,
				5E5B4D5A2244423400D9FB12 /* Frameworks */,
				5E5B4D5B2244423400D9FB12 /* Resources */,
			);
			buildRules = (
			);
			dependencies = (
			);
			name = LunTest;
			productName = LunTest;
			productReference = 5E5B4D5D2244423400D9FB12 /* LunTest.app */;
			productType = "com.apple.product-type.application";
		};
/* End PBXNativeTarget section */

/* Begin PBXProject section */
		5E5B4D552244423400D9FB12 /* Project object */ = {
			isa = PBXProject;
			attributes = {
				LastSwiftUpdateCheck = 1010;
				LastUpgradeCheck = 1010;
				ORGANIZATIONNAME = "Danil Shchegol";
				TargetAttributes = {
					5E5B4D5C2244423400D9FB12 = {
						CreatedOnToolsVersion = 10.1;
					};
				};
			};
			buildConfigurationList = 5E5B4D582244423400D9FB12 /* Build configuration list for PBXProject "LunTest" */;
			compatibilityVersion = "Xcode 9.3";
			developmentRegion = en;
			hasScannedForEncodings = 0;
			knownRegions = (
				en,
				Base,
			);
			mainGroup = 5E5B4D542244423400D9FB12;
			productRefGroup = 5E5B4D5E2244423400D9FB12 /* Products */;
			projectDirPath = "";
			projectRoot = "";
			targets = (
				5E5B4D5C2244423400D9FB12 /* LunTest */,
			);
		};
/* End PBXProject section */

/* Begin PBXResourcesBuildPhase section */
		5E5B4D5B2244423400D9FB12 /* Resources */ = {
			isa = PBXResourcesBuildPhase;
			buildActionMask = 2147483647;
			files = (
				5E5B4D6B2244423500D9FB12 /* LaunchScreen.storyboard in Resources */,
				5E5B4D682244423500D9FB12 /* Assets.xcassets in Resources */,
				5E5B4D662244423400D9FB12 /* Main.storyboard in Resources */,
				5E5B4D8322444D4F00D9FB12 /* lun.json in Resources */,
				5E5B4D76224444D700D9FB12 /* postCell.xib in Resources */,
			);
			runOnlyForDeploymentPostprocessing = 0;
		};
/* End PBXResourcesBuildPhase section */

/* Begin PBXSourcesBuildPhase section */
		5E5B4D592244423400D9FB12 /* Sources */ = {
			isa = PBXSourcesBuildPhase;
			buildActionMask = 2147483647;
			files = (
				5E5B4D8F224473AE00D9FB12 /* Address.swift in Sources */,
				5E5B4D8B22445AE800D9FB12 /* PostsViewController.swift in Sources */,
				5E5B4D7E22444AB500D9FB12 /* UIKitExtensions.swift in Sources */,
				5E5B4D7A2244492600D9FB12 /* Person.swift in Sources */,
				5E5B4D87224457B500D9FB12 /* PersonWithImages.swift in Sources */,
				5E5B4D7C22444A3D00D9FB12 /* Image.swift in Sources */,
				5E5B4D782244484200D9FB12 /* PostCollectionViewCell.swift in Sources */,
				5E5B4D612244423400D9FB12 /* AppDelegate.swift in Sources */,
				5E5B4D8D22446ADC00D9FB12 /* MapViewController.swift in Sources */,
			);
			runOnlyForDeploymentPostprocessing = 0;
		};
/* End PBXSourcesBuildPhase section */

/* Begin PBXVariantGroup section */
		5E5B4D642244423400D9FB12 /* Main.storyboard */ = {
			isa = PBXVariantGroup;
			children = (
				5E5B4D652244423400D9FB12 /* Base */,
			);
			name = Main.storyboard;
			sourceTree = "<group>";
		};
		5E5B4D692244423500D9FB12 /* LaunchScreen.storyboard */ = {
			isa = PBXVariantGroup;
			children = (
				5E5B4D6A2244423500D9FB12 /* Base */,
			);
			name = LaunchScreen.storyboard;
			sourceTree = "<group>";
		};
/* End PBXVariantGroup section */

/* Begin XCBuildConfiguration section */
		5E5B4D6D2244423500D9FB12 /* Debug */ = {
			isa = XCBuildConfiguration;
			buildSettings = {
				ALWAYS_SEARCH_USER_PATHS = NO;
				CLANG_ANALYZER_NONNULL = YES;
				CLANG_ANALYZER_NUMBER_OBJECT_CONVERSION = YES_AGGRESSIVE;
				CLANG_CXX_LANGUAGE_STANDARD = "gnu++14";
				CLANG_CXX_LIBRARY = "libc++";
				CLANG_ENABLE_MODULES = YES;
				CLANG_ENABLE_OBJC_ARC = YES;
				CLANG_ENABLE_OBJC_WEAK = YES;
				CLANG_WARN_BLOCK_CAPTURE_AUTORELEASING = YES;
				CLANG_WARN_BOOL_CONVERSION = YES;
				CLANG_WARN_COMMA = YES;
				CLANG_WARN_CONSTANT_CONVERSION = YES;
				CLANG_WARN_DEPRECATED_OBJC_IMPLEMENTATIONS = YES;
				CLANG_WARN_DIRECT_OBJC_ISA_USAGE = YES_ERROR;
				CLANG_WARN_DOCUMENTATION_COMMENTS = YES;
				CLANG_WARN_EMPTY_BODY = YES;
				CLANG_WARN_ENUM_CONVERSION = YES;
				CLANG_WARN_INFINITE_RECURSION = YES;
				CLANG_WARN_INT_CONVERSION = YES;
				CLANG_WARN_NON_LITERAL_NULL_CONVERSION = YES;
				CLANG_WARN_OBJC_IMPLICIT_RETAIN_SELF = YES;
				CLANG_WARN_OBJC_LITERAL_CONVERSION = YES;
				CLANG_WARN_OBJC_ROOT_CLASS = YES_ERROR;
				CLANG_WARN_RANGE_LOOP_ANALYSIS = YES;
				CLANG_WARN_STRICT_PROTOTYPES = YES;
				CLANG_WARN_SUSPICIOUS_MOVE = YES;
				CLANG_WARN_UNGUARDED_AVAILABILITY = YES_AGGRESSIVE;
				CLANG_WARN_UNREACHABLE_CODE = YES;
				CLANG_WARN__DUPLICATE_METHOD_MATCH = YES;
				CODE_SIGN_IDENTITY = "iPhone Developer";
				COPY_PHASE_STRIP = NO;
				DEBUG_INFORMATION_FORMAT = dwarf;
				ENABLE_STRICT_OBJC_MSGSEND = YES;
				ENABLE_TESTABILITY = YES;
				GCC_C_LANGUAGE_STANDARD = gnu11;
				GCC_DYNAMIC_NO_PIC = NO;
				GCC_NO_COMMON_BLOCKS = YES;
				GCC_OPTIMIZATION_LEVEL = 0;
				GCC_PREPROCESSOR_DEFINITIONS = (
					"DEBUG=1",
					"$(inherited)",
				);
				GCC_WARN_64_TO_32_BIT_CONVERSION = YES;
				GCC_WARN_ABOUT_RETURN_TYPE = YES_ERROR;
				GCC_WARN_UNDECLARED_SELECTOR = YES;
				GCC_WARN_UNINITIALIZED_AUTOS = YES_AGGRESSIVE;
				GCC_WARN_UNUSED_FUNCTION = YES;
				GCC_WARN_UNUSED_VARIABLE = YES;
				IPHONEOS_DEPLOYMENT_TARGET = 12.1;
				MTL_ENABLE_DEBUG_INFO = INCLUDE_SOURCE;
				MTL_FAST_MATH = YES;
				ONLY_ACTIVE_ARCH = YES;
				SDKROOT = iphoneos;
				SWIFT_ACTIVE_COMPILATION_CONDITIONS = DEBUG;
				SWIFT_OPTIMIZATION_LEVEL = "-Onone";
			};
			name = Debug;
		};
		5E5B4D6E2244423500D9FB12 /* Release */ = {
			isa = XCBuildConfiguration;
			buildSettings = {
				ALWAYS_SEARCH_USER_PATHS = NO;
				CLANG_ANALYZER_NONNULL = YES;
				CLANG_ANALYZER_NUMBER_OBJECT_CONVERSION = YES_AGGRESSIVE;
				CLANG_CXX_LANGUAGE_STANDARD = "gnu++14";
				CLANG_CXX_LIBRARY = "libc++";
				CLANG_ENABLE_MODULES = YES;
				CLANG_ENABLE_OBJC_ARC = YES;
				CLANG_ENABLE_OBJC_WEAK = YES;
				CLANG_WARN_BLOCK_CAPTURE_AUTORELEASING = YES;
				CLANG_WARN_BOOL_CONVERSION = YES;
				CLANG_WARN_COMMA = YES;
				CLANG_WARN_CONSTANT_CONVERSION = YES;
				CLANG_WARN_DEPRECATED_OBJC_IMPLEMENTATIONS = YES;
				CLANG_WARN_DIRECT_OBJC_ISA_USAGE = YES_ERROR;
				CLANG_WARN_DOCUMENTATION_COMMENTS = YES;
				CLANG_WARN_EMPTY_BODY = YES;
				CLANG_WARN_ENUM_CONVERSION = YES;
				CLANG_WARN_INFINITE_RECURSION = YES;
				CLANG_WARN_INT_CONVERSION = YES;
				CLANG_WARN_NON_LITERAL_NULL_CONVERSION = YES;
				CLANG_WARN_OBJC_IMPLICIT_RETAIN_SELF = YES;
				CLANG_WARN_OBJC_LITERAL_CONVERSION = YES;
				CLANG_WARN_OBJC_ROOT_CLASS = YES_ERROR;
				CLANG_WARN_RANGE_LOOP_ANALYSIS = YES;
				CLANG_WARN_STRICT_PROTOTYPES = YES;
				CLANG_WARN_SUSPICIOUS_MOVE = YES;
				CLANG_WARN_UNGUARDED_AVAILABILITY = YES_AGGRESSIVE;
				CLANG_WARN_UNREACHABLE_CODE = YES;
				CLANG_WARN__DUPLICATE_METHOD_MATCH = YES;
				CODE_SIGN_IDENTITY = "iPhone Developer";
				COPY_PHASE_STRIP = NO;
				DEBUG_INFORMATION_FORMAT = "dwarf-with-dsym";
				ENABLE_NS_ASSERTIONS = NO;
				ENABLE_STRICT_OBJC_MSGSEND = YES;
				GCC_C_LANGUAGE_STANDARD = gnu11;
				GCC_NO_COMMON_BLOCKS = YES;
				GCC_WARN_64_TO_32_BIT_CONVERSION = YES;
				GCC_WARN_ABOUT_RETURN_TYPE = YES_ERROR;
				GCC_WARN_UNDECLARED_SELECTOR = YES;
				GCC_WARN_UNINITIALIZED_AUTOS = YES_AGGRESSIVE;
				GCC_WARN_UNUSED_FUNCTION = YES;
				GCC_WARN_UNUSED_VARIABLE = YES;
				IPHONEOS_DEPLOYMENT_TARGET = 12.1;
				MTL_ENABLE_DEBUG_INFO = NO;
				MTL_FAST_MATH = YES;
				SDKROOT = iphoneos;
				SWIFT_COMPILATION_MODE = wholemodule;
				SWIFT_OPTIMIZATION_LEVEL = "-O";
				VALIDATE_PRODUCT = YES;
			};
			name = Release;
		};
		5E5B4D702244423500D9FB12 /* Debug */ = {
			isa = XCBuildConfiguration;
			buildSettings = {
				ASSETCATALOG_COMPILER_APPICON_NAME = AppIcon;
				CODE_SIGN_IDENTITY = "iPhone Developer";
				CODE_SIGN_STYLE = Automatic;
				DEVELOPMENT_TEAM = FBFE6N5K5V;
				INFOPLIST_FILE = LunTest/Info.plist;
				LD_RUNPATH_SEARCH_PATHS = (
					"$(inherited)",
					"@executable_path/Frameworks",
				);
				PRODUCT_BUNDLE_IDENTIFIER = com.dareniar.LunTest;
				PRODUCT_NAME = "$(TARGET_NAME)";
				PROVISIONING_PROFILE_SPECIFIER = "";
				SWIFT_VERSION = 4.2;
				TARGETED_DEVICE_FAMILY = 1;
			};
			name = Debug;
		};
		5E5B4D712244423500D9FB12 /* Release */ = {
			isa = XCBuildConfiguration;
			buildSettings = {
				ASSETCATALOG_COMPILER_APPICON_NAME = AppIcon;
				CODE_SIGN_IDENTITY = "iPhone Developer";
				CODE_SIGN_STYLE = Automatic;
				DEVELOPMENT_TEAM = FBFE6N5K5V;
				INFOPLIST_FILE = LunTest/Info.plist;
				LD_RUNPATH_SEARCH_PATHS = (
					"$(inherited)",
					"@executable_path/Frameworks",
				);
				PRODUCT_BUNDLE_IDENTIFIER = com.dareniar.LunTest;
				PRODUCT_NAME = "$(TARGET_NAME)";
				PROVISIONING_PROFILE_SPECIFIER = "";
				SWIFT_VERSION = 4.2;
				TARGETED_DEVICE_FAMILY = 1;
			};
			name = Release;
		};
/* End XCBuildConfiguration section */

/* Begin XCConfigurationList section */
		5E5B4D582244423400D9FB12 /* Build configuration list for PBXProject "LunTest" */ = {
			isa = XCConfigurationList;
			buildConfigurations = (
				5E5B4D6D2244423500D9FB12 /* Debug */,
				5E5B4D6E2244423500D9FB12 /* Release */,
			);
			defaultConfigurationIsVisible = 0;
			defaultConfigurationName = Release;
		};
		5E5B4D6F2244423500D9FB12 /* Build configuration list for PBXNativeTarget "LunTest" */ = {
			isa = XCConfigurationList;
			buildConfigurations = (
				5E5B4D702244423500D9FB12 /* Debug */,
				5E5B4D712244423500D9FB12 /* Release */,
			);
			defaultConfigurationIsVisible = 0;
			defaultConfigurationName = Release;
		};
/* End XCConfigurationList section */
	};
	rootObject = 5E5B4D552244423400D9FB12 /* Project object */;
}
